
Microsoft Visual Studio Solution File, Format Version 12.00
# Visual Studio 15
VisualStudioVersion = 15.0.27428.2002
MinimumVisualStudioVersion = 10.0.40219.1
Project("{FAE04EC0-301F-11D3-BF4B-00C04F79EFBC}") = "Pdf2PngNetCore", "Pdf2PngNetCore\Pdf2PngNetCore.csproj", "{41A30F78-8635-4671-B1DF-E38C9F24CF9B}"
EndProject
Project("{FAE04EC0-301F-11D3-BF4B-00C04F79EFBC}") = "Convertor", "Convertor\Convertor.csproj", "{4D44CFA8-CDB1-4299-8CBB-11DAACD71354}"
EndProject
Project("{FAE04EC0-301F-11D3-BF4B-00C04F79EFBC}") = "ConvrtorNetFramework", "ConvrtorNetFramework\ConvrtorNetFramework.csproj", "{F7730723-C7B3-41E5-BC1D-DF4B4B7E2D00}"
EndProject
Project("{FAE04EC0-301F-11D3-BF4B-00C04F79EFBC}") = "ConvertingNetFramework", "ConvertingNetFramework\ConvertingNetFramework.csproj", "{F34F940A-84A2-4564-BDAE-51A814D8C80A}"
EndProject
Global
	GlobalSection(SolutionConfigurationPlatforms) = preSolution
		Debug|Any CPU = Debug|Any CPU
		Release|Any CPU = Release|Any CPU
	EndGlobalSection
	GlobalSection(ProjectConfigurationPlatforms) = postSolution
		{41A30F78-8635-4671-B1DF-E38C9F24CF9B}.Debug|Any CPU.ActiveCfg = Debug|Any CPU
		{41A30F78-8635-4671-B1DF-E38C9F24CF9B}.Debug|Any CPU.Build.0 = Debug|Any CPU
		{41A30F78-8635-4671-B1DF-E38C9F24CF9B}.Release|Any CPU.ActiveCfg = Release|Any CPU
		{41A30F78-8635-4671-B1DF-E38C9F24CF9B}.Release|Any CPU.Build.0 = Release|Any CPU
		{4D44CFA8-CDB1-4299-8CBB-11DAACD71354}.Debug|Any CPU.ActiveCfg = Debug|Any CPU
		{4D44CFA8-CDB1-4299-8CBB-11DAACD71354}.Debug|Any CPU.Build.0 = Debug|Any CPU
		{4D44CFA8-CDB1-4299-8CBB-11DAACD71354}.Release|Any CPU.ActiveCfg = Release|Any CPU
		{4D44CFA8-CDB1-4299-8CBB-11DAACD71354}.Release|Any CPU.Build.0 = Release|Any CPU
		{F7730723-C7B3-41E5-BC1D-DF4B4B7E2D00}.Debug|Any CPU.ActiveCfg = Debug|Any CPU
		{F7730723-C7B3-41E5-BC1D-DF4B4B7E2D00}.Debug|Any CPU.Build.0 = Debug|Any CPU
		{F7730723-C7B3-41E5-BC1D-DF4B4B7E2D00}.Release|Any CPU.ActiveCfg = Release|Any CPU
		{F7730723-C7B3-41E5-BC1D-DF4B4B7E2D00}.Release|Any CPU.Build.0 = Release|Any CPU
		{F34F940A-84A2-4564-BDAE-51A814D8C80A}.Debug|Any CPU.ActiveCfg = Debug|Any CPU
		{F34F940A-84A2-4564-BDAE-51A814D8C80A}.Debug|Any CPU.Build.0 = Debug|Any CPU
		{F34F940A-84A2-4564-BDAE-51A814D8C80A}.Release|Any CPU.ActiveCfg = Release|Any CPU
		{F34F940A-84A2-4564-BDAE-51A814D8C80A}.Release|Any CPU.Build.0 = Release|Any CPU
	EndGlobalSection
	GlobalSection(SolutionProperties) = preSolution
		HideSolutionNode = FALSE
	EndGlobalSection
	GlobalSection(ExtensibilityGlobals) = postSolution
		SolutionGuid = {0AA38818-E87D-45E1-BC99-0F4FE5D0689D}
	EndGlobalSection
EndGlobal
